// !$*UTF8*$!
{
	archiveVersion = 1;
	classes = {
	};
	objectVersion = 50;
	objects = {

/* Begin PBXBuildFile section */
		C1BBFA6522467E56004224EF /* AppDelegate.swift in Sources */ = {isa = PBXBuildFile; fileRef = C1BBFA6422467E56004224EF /* AppDelegate.swift */; };
		C1BBFA6722467E56004224EF /* ViewController.swift in Sources */ = {isa = PBXBuildFile; fileRef = C1BBFA6622467E56004224EF /* ViewController.swift */; };
		C1BBFA6A22467E56004224EF /* Main.storyboard in Resources */ = {isa = PBXBuildFile; fileRef = C1BBFA6822467E56004224EF /* Main.storyboard */; };
		C1BBFA6C22467E58004224EF /* Assets.xcassets in Resources */ = {isa = PBXBuildFile; fileRef = C1BBFA6B22467E58004224EF /* Assets.xcassets */; };
		C1BBFA6F22467E58004224EF /* LaunchScreen.storyboard in Resources */ = {isa = PBXBuildFile; fileRef = C1BBFA6D22467E58004224EF /* LaunchScreen.storyboard */; };
		C1BBFA7722467EF7004224EF /* Decoder.swift in Sources */ = {isa = PBXBuildFile; fileRef = C1BBFA7622467EF7004224EF /* Decoder.swift */; };
		C1BBFA7B22467F04004224EF /* Defaults.swift in Sources */ = {isa = PBXBuildFile; fileRef = C1BBFA7A22467F04004224EF /* Defaults.swift */; };
		C1BBFA7D22467F0B004224EF /* Encoder.swift in Sources */ = {isa = PBXBuildFile; fileRef = C1BBFA7C22467F0B004224EF /* Encoder.swift */; };
		C1BBFA7F22467F12004224EF /* Utilities.swift in Sources */ = {isa = PBXBuildFile; fileRef = C1BBFA7E22467F12004224EF /* Utilities.swift */; };
/* End PBXBuildFile section */

/* Begin PBXFileReference section */
		C1BBFA6122467E56004224EF /* CryptoGraphica.app */ = {isa = PBXFileReference; explicitFileType = wrapper.application; includeInIndex = 0; path = CryptoGraphica.app; sourceTree = BUILT_PRODUCTS_DIR; };
		C1BBFA6422467E56004224EF /* AppDelegate.swift */ = {isa = PBXFileReference; lastKnownFileType = sourcecode.swift; path = AppDelegate.swift; sourceTree = "<group>"; };
		C1BBFA6622467E56004224EF /* ViewController.swift */ = {isa = PBXFileReference; lastKnownFileType = sourcecode.swift; path = ViewController.swift; sourceTree = "<group>"; };
		C1BBFA6922467E56004224EF /* Base */ = {isa = PBXFileReference; lastKnownFileType = file.storyboard; name = Base; path = Base.lproj/Main.storyboard; sourceTree = "<group>"; };
		C1BBFA6B22467E58004224EF /* Assets.xcassets */ = {isa = PBXFileReference; lastKnownFileType = folder.assetcatalog; path = Assets.xcassets; sourceTree = "<group>"; };
		C1BBFA6E22467E58004224EF /* Base */ = {isa = PBXFileReference; lastKnownFileType = file.storyboard; name = Base; path = Base.lproj/LaunchScreen.storyboard; sourceTree = "<group>"; };
		C1BBFA7022467E58004224EF /* Info.plist */ = {isa = PBXFileReference; lastKnownFileType = text.plist.xml; path = Info.plist; sourceTree = "<group>"; };
		C1BBFA7622467EF7004224EF /* Decoder.swift */ = {isa = PBXFileReference; fileEncoding = 4; lastKnownFileType = sourcecode.swift; name = Decoder.swift; path = ../../another/SwiftStego/SwiftStego/Decoder.swift; sourceTree = "<group>"; };
		C1BBFA7A22467F04004224EF /* Defaults.swift */ = {isa = PBXFileReference; lastKnownFileType = sourcecode.swift; name = Defaults.swift; path = ../../another/SwiftStego/SwiftStego/Defaults.swift; sourceTree = "<group>"; };
		C1BBFA7C22467F0B004224EF /* Encoder.swift */ = {isa = PBXFileReference; fileEncoding = 4; lastKnownFileType = sourcecode.swift; name = Encoder.swift; path = ../../another/SwiftStego/SwiftStego/Encoder.swift; sourceTree = "<group>"; };
		C1BBFA7E22467F12004224EF /* Utilities.swift */ = {isa = PBXFileReference; fileEncoding = 4; lastKnownFileType = sourcecode.swift; name = Utilities.swift; path = ../../another/SwiftStego/SwiftStego/Utilities.swift; sourceTree = "<group>"; };
/* End PBXFileReference section */

/* Begin PBXFrameworksBuildPhase section */
		C1BBFA5E22467E56004224EF /* Frameworks */ = {
			isa = PBXFrameworksBuildPhase;
			buildActionMask = 2147483647;
			files = (
			);
			runOnlyForDeploymentPostprocessing = 0;
		};
/* End PBXFrameworksBuildPhase section */

/* Begin PBXGroup section */
		C1BBFA5822467E56004224EF = {
			isa = PBXGroup;
			children = (
				C1BBFA6322467E56004224EF /* CryptoGraphica */,
				C1BBFA6222467E56004224EF /* Products */,
			);
			sourceTree = "<group>";
		};
		C1BBFA6222467E56004224EF /* Products */ = {
			isa = PBXGroup;
			children = (
				C1BBFA6122467E56004224EF /* CryptoGraphica.app */,
			);
			name = Products;
			sourceTree = "<group>";
		};
		C1BBFA6322467E56004224EF /* CryptoGraphica */ = {
			isa = PBXGroup;
			children = (
				C1BBFA7A22467F04004224EF /* Defaults.swift */,
				C1BBFA6422467E56004224EF /* AppDelegate.swift */,
				C1BBFA6622467E56004224EF /* ViewController.swift */,
				C1BBFA7622467EF7004224EF /* Decoder.swift */,
				C1BBFA7C22467F0B004224EF /* Encoder.swift */,
				C1BBFA6822467E56004224EF /* Main.storyboard */,
				C1BBFA7E22467F12004224EF /* Utilities.swift */,
				C1BBFA6B22467E58004224EF /* Assets.xcassets */,
				C1BBFA6D22467E58004224EF /* LaunchScreen.storyboard */,
				C1BBFA7022467E58004224EF /* Info.plist */,
			);
			path = CryptoGraphica;
			sourceTree = "<group>";
		};
/* End PBXGroup section */

/* Begin PBXNativeTarget section */
		C1BBFA6022467E56004224EF /* CryptoGraphica */ = {
			isa = PBXNativeTarget;
			buildConfigurationList = C1BBFA7322467E58004224EF /* Build configuration list for PBXNativeTarget "CryptoGraphica" */;
			buildPhases = (
				C1BBFA5D22467E56004224EF /* Sources */,
				C1BBFA5E22467E56004224EF /* Frameworks */,
				C1BBFA5F22467E56004224EF /* Resources */,
			);
			buildRules = (
			);
			dependencies = (
			);
			name = CryptoGraphica;
			productName = CryptoGraphica;
			productReference = C1BBFA6122467E56004224EF /* CryptoGraphica.app */;
			productType = "com.apple.product-type.application";
		};
/* End PBXNativeTarget section */

/* Begin PBXProject section */
		C1BBFA5922467E56004224EF /* Project object */ = {
			isa = PBXProject;
			attributes = {
				LastSwiftUpdateCheck = 1010;
				LastUpgradeCheck = 1010;
				ORGANIZATIONNAME = io.cryptographica;
				TargetAttributes = {
					C1BBFA6022467E56004224EF = {
						CreatedOnToolsVersion = 10.1;
					};
				};
			};
			buildConfigurationList = C1BBFA5C22467E56004224EF /* Build configuration list for PBXProject "CryptoGraphica" */;
			compatibilityVersion = "Xcode 9.3";
			developmentRegion = en;
			hasScannedForEncodings = 0;
			knownRegions = (
				en,
				Base,
			);
			mainGroup = C1BBFA5822467E56004224EF;
			productRefGroup = C1BBFA6222467E56004224EF /* Products */;
			projectDirPath = "";
			projectRoot = "";
			targets = (
				C1BBFA6022467E56004224EF /* CryptoGraphica */,
			);
		};
/* End PBXProject section */

/* Begin PBXResourcesBuildPhase section */
		C1BBFA5F22467E56004224EF /* Resources */ = {
			isa = PBXResourcesBuildPhase;
			buildActionMask = 2147483647;
			files = (
				C1BBFA6F22467E58004224EF /* LaunchScreen.storyboard in Resources */,
				C1BBFA6C22467E58004224EF /* Assets.xcassets in Resources */,
				C1BBFA6A22467E56004224EF /* Main.storyboard in Resources */,
			);
			runOnlyForDeploymentPostprocessing = 0;
		};
/* End PBXResourcesBuildPhase section */

/* Begin PBXSourcesBuildPhase section */
		C1BBFA5D22467E56004224EF /* Sources */ = {
			isa = PBXSourcesBuildPhase;
			buildActionMask = 2147483647;
			files = (
				C1BBFA6722467E56004224EF /* ViewController.swift in Sources */,
				C1BBFA7F22467F12004224EF /* Utilities.swift in Sources */,
				C1BBFA7D22467F0B004224EF /* Encoder.swift in Sources */,
				C1BBFA7B22467F04004224EF /* Defaults.swift in Sources */,
				C1BBFA7722467EF7004224EF /* Decoder.swift in Sources */,
				C1BBFA6522467E56004224EF /* AppDelegate.swift in Sources */,
			);
			runOnlyForDeploymentPostprocessing = 0;
		};
/* End PBXSourcesBuildPhase section */

/* Begin PBXVariantGroup section */
		C1BBFA6822467E56004224EF /* Main.storyboard */ = {
			isa = PBXVariantGroup;
			children = (
				C1BBFA6922467E56004224EF /* Base */,
			);
			name = Main.storyboard;
			sourceTree = "<group>";
		};
		C1BBFA6D22467E58004224EF /* LaunchScreen.storyboard */ = {
			isa = PBXVariantGroup;
			children = (
				C1BBFA6E22467E58004224EF /* Base */,
			);
			name = LaunchScreen.storyboard;
			sourceTree = "<group>";
		};
/* End PBXVariantGroup section */

/* Begin XCBuildConfiguration section */
		C1BBFA7122467E58004224EF /* Debug */ = {
			isa = XCBuildConfiguration;
			buildSettings = {
				ALWAYS_SEARCH_USER_PATHS = NO;
				CLANG_ANALYZER_NONNULL = YES;
				CLANG_ANALYZER_NUMBER_OBJECT_CONVERSION = YES_AGGRESSIVE;
				CLANG_CXX_LANGUAGE_STANDARD = "gnu++14";
				CLANG_CXX_LIBRARY = "libc++";
				CLANG_ENABLE_MODULES = YES;
				CLANG_ENABLE_OBJC_ARC = YES;
				CLANG_ENABLE_OBJC_WEAK = YES;
				CLANG_WARN_BLOCK_CAPTURE_AUTORELEASING = YES;
				CLANG_WARN_BOOL_CONVERSION = YES;
				CLANG_WARN_COMMA = YES;
				CLANG_WARN_CONSTANT_CONVERSION = YES;
				CLANG_WARN_DEPRECATED_OBJC_IMPLEMENTATIONS = YES;
				CLANG_WARN_DIRECT_OBJC_ISA_USAGE = YES_ERROR;
				CLANG_WARN_DOCUMENTATION_COMMENTS = YES;
				CLANG_WARN_EMPTY_BODY = YES;
				CLANG_WARN_ENUM_CONVERSION = YES;
				CLANG_WARN_INFINITE_RECURSION = YES;
				CLANG_WARN_INT_CONVERSION = YES;
				CLANG_WARN_NON_LITERAL_NULL_CONVERSION = YES;
				CLANG_WARN_OBJC_IMPLICIT_RETAIN_SELF = YES;
				CLANG_WARN_OBJC_LITERAL_CONVERSION = YES;
				CLANG_WARN_OBJC_ROOT_CLASS = YES_ERROR;
				CLANG_WARN_RANGE_LOOP_ANALYSIS = YES;
				CLANG_WARN_STRICT_PROTOTYPES = YES;
				CLANG_WARN_SUSPICIOUS_MOVE = YES;
				CLANG_WARN_UNGUARDED_AVAILABILITY = YES_AGGRESSIVE;
				CLANG_WARN_UNREACHABLE_CODE = YES;
				CLANG_WARN__DUPLICATE_METHOD_MATCH = YES;
				CODE_SIGN_IDENTITY = "iPhone Developer";
				COPY_PHASE_STRIP = NO;
				DEBUG_INFORMATION_FORMAT = dwarf;
				ENABLE_STRICT_OBJC_MSGSEND = YES;
				ENABLE_TESTABILITY = YES;
				GCC_C_LANGUAGE_STANDARD = gnu11;
				GCC_DYNAMIC_NO_PIC = NO;
				GCC_NO_COMMON_BLOCKS = YES;
				GCC_OPTIMIZATION_LEVEL = 0;
				GCC_PREPROCESSOR_DEFINITIONS = (
					"DEBUG=1",
					"$(inherited)",
				);
				GCC_WARN_64_TO_32_BIT_CONVERSION = YES;
				GCC_WARN_ABOUT_RETURN_TYPE = YES_ERROR;
				GCC_WARN_UNDECLARED_SELECTOR = YES;
				GCC_WARN_UNINITIALIZED_AUTOS = YES_AGGRESSIVE;
				GCC_WARN_UNUSED_FUNCTION = YES;
				GCC_WARN_UNUSED_VARIABLE = YES;
				IPHONEOS_DEPLOYMENT_TARGET = 12.1;
				MTL_ENABLE_DEBUG_INFO = INCLUDE_SOURCE;
				MTL_FAST_MATH = YES;
				ONLY_ACTIVE_ARCH = YES;
				SDKROOT = iphoneos;
				SWIFT_ACTIVE_COMPILATION_CONDITIONS = DEBUG;
				SWIFT_OPTIMIZATION_LEVEL = "-Onone";
			};
			name = Debug;
		};
		C1BBFA7222467E58004224EF /* Release */ = {
			isa = XCBuildConfiguration;
			buildSettings = {
				ALWAYS_SEARCH_USER_PATHS = NO;
				CLANG_ANALYZER_NONNULL = YES;
				CLANG_ANALYZER_NUMBER_OBJECT_CONVERSION = YES_AGGRESSIVE;
				CLANG_CXX_LANGUAGE_STANDARD = "gnu++14";
				CLANG_CXX_LIBRARY = "libc++";
				CLANG_ENABLE_MODULES = YES;
				CLANG_ENABLE_OBJC_ARC = YES;
				CLANG_ENABLE_OBJC_WEAK = YES;
				CLANG_WARN_BLOCK_CAPTURE_AUTORELEASING = YES;
				CLANG_WARN_BOOL_CONVERSION = YES;
				CLANG_WARN_COMMA = YES;
				CLANG_WARN_CONSTANT_CONVERSION = YES;
				CLANG_WARN_DEPRECATED_OBJC_IMPLEMENTATIONS = YES;
				CLANG_WARN_DIRECT_OBJC_ISA_USAGE = YES_ERROR;
				CLANG_WARN_DOCUMENTATION_COMMENTS = YES;
				CLANG_WARN_EMPTY_BODY = YES;
				CLANG_WARN_ENUM_CONVERSION = YES;
				CLANG_WARN_INFINITE_RECURSION = YES;
				CLANG_WARN_INT_CONVERSION = YES;
				CLANG_WARN_NON_LITERAL_NULL_CONVERSION = YES;
				CLANG_WARN_OBJC_IMPLICIT_RETAIN_SELF = YES;
				CLANG_WARN_OBJC_LITERAL_CONVERSION = YES;
				CLANG_WARN_OBJC_ROOT_CLASS = YES_ERROR;
				CLANG_WARN_RANGE_LOOP_ANALYSIS = YES;
				CLANG_WARN_STRICT_PROTOTYPES = YES;
				CLANG_WARN_SUSPICIOUS_MOVE = YES;
				CLANG_WARN_UNGUARDED_AVAILABILITY = YES_AGGRESSIVE;
				CLANG_WARN_UNREACHABLE_CODE = YES;
				CLANG_WARN__DUPLICATE_METHOD_MATCH = YES;
				CODE_SIGN_IDENTITY = "iPhone Developer";
				COPY_PHASE_STRIP = NO;
				DEBUG_INFORMATION_FORMAT = "dwarf-with-dsym";
				ENABLE_NS_ASSERTIONS = NO;
				ENABLE_STRICT_OBJC_MSGSEND = YES;
				GCC_C_LANGUAGE_STANDARD = gnu11;
				GCC_NO_COMMON_BLOCKS = YES;
				GCC_WARN_64_TO_32_BIT_CONVERSION = YES;
				GCC_WARN_ABOUT_RETURN_TYPE = YES_ERROR;
				GCC_WARN_UNDECLARED_SELECTOR = YES;
				GCC_WARN_UNINITIALIZED_AUTOS = YES_AGGRESSIVE;
				GCC_WARN_UNUSED_FUNCTION = YES;
				GCC_WARN_UNUSED_VARIABLE = YES;
				IPHONEOS_DEPLOYMENT_TARGET = 12.1;
				MTL_ENABLE_DEBUG_INFO = NO;
				MTL_FAST_MATH = YES;
				SDKROOT = iphoneos;
				SWIFT_COMPILATION_MODE = wholemodule;
				SWIFT_OPTIMIZATION_LEVEL = "-O";
				VALIDATE_PRODUCT = YES;
			};
			name = Release;
		};
		C1BBFA7422467E58004224EF /* Debug */ = {
			isa = XCBuildConfiguration;
			buildSettings = {
				ASSETCATALOG_COMPILER_APPICON_NAME = AppIcon;
				CODE_SIGN_STYLE = Automatic;
				DEVELOPMENT_TEAM = 44QNY7YAFQ;
				INFOPLIST_FILE = CryptoGraphica/Info.plist;
				LD_RUNPATH_SEARCH_PATHS = (
					"$(inherited)",
					"@executable_path/Frameworks",
				);
				PRODUCT_BUNDLE_IDENTIFIER = io.cryptographica.CryptoGraphica;
				PRODUCT_NAME = "$(TARGET_NAME)";
				SWIFT_VERSION = 4.2;
				TARGETED_DEVICE_FAMILY = "1,2";
			};
			name = Debug;
		};
		C1BBFA7522467E58004224EF /* Release */ = {
			isa = XCBuildConfiguration;
			buildSettings = {
				ASSETCATALOG_COMPILER_APPICON_NAME = AppIcon;
				CODE_SIGN_STYLE = Automatic;
				DEVELOPMENT_TEAM = 44QNY7YAFQ;
				INFOPLIST_FILE = CryptoGraphica/Info.plist;
				LD_RUNPATH_SEARCH_PATHS = (
					"$(inherited)",
					"@executable_path/Frameworks",
				);
				PRODUCT_BUNDLE_IDENTIFIER = io.cryptographica.CryptoGraphica;
				PRODUCT_NAME = "$(TARGET_NAME)";
				SWIFT_VERSION = 4.2;
				TARGETED_DEVICE_FAMILY = "1,2";
			};
			name = Release;
		};
/* End XCBuildConfiguration section */

/* Begin XCConfigurationList section */
		C1BBFA5C22467E56004224EF /* Build configuration list for PBXProject "CryptoGraphica" */ = {
			isa = XCConfigurationList;
			buildConfigurations = (
				C1BBFA7122467E58004224EF /* Debug */,
				C1BBFA7222467E58004224EF /* Release */,
			);
			defaultConfigurationIsVisible = 0;
			defaultConfigurationName = Release;
		};
		C1BBFA7322467E58004224EF /* Build configuration list for PBXNativeTarget "CryptoGraphica" */ = {
			isa = XCConfigurationList;
			buildConfigurations = (
				C1BBFA7422467E58004224EF /* Debug */,
				C1BBFA7522467E58004224EF /* Release */,
			);
			defaultConfigurationIsVisible = 0;
			defaultConfigurationName = Release;
		};
/* End XCConfigurationList section */
	};
	rootObject = C1BBFA5922467E56004224EF /* Project object */;
}
