// !$*UTF8*$!
{
	archiveVersion = 1;
	classes = {
	};
	objectVersion = 50;
	objects = {

/* Begin PBXBuildFile section */
		520CAD3022467A37007B200E /* AppDelegate.swift in Sources */ = {isa = PBXBuildFile; fileRef = 520CAD2F22467A37007B200E /* AppDelegate.swift */; };
		520CAD3222467A37007B200E /* HomeViewController.swift in Sources */ = {isa = PBXBuildFile; fileRef = 520CAD3122467A37007B200E /* HomeViewController.swift */; };
		520CAD3522467A37007B200E /* Home.storyboard in Resources */ = {isa = PBXBuildFile; fileRef = 520CAD3322467A37007B200E /* Home.storyboard */; };
		520CAD3722467A39007B200E /* Assets.xcassets in Resources */ = {isa = PBXBuildFile; fileRef = 520CAD3622467A39007B200E /* Assets.xcassets */; };
		520CAD3A22467A39007B200E /* LaunchScreen.storyboard in Resources */ = {isa = PBXBuildFile; fileRef = 520CAD3822467A39007B200E /* LaunchScreen.storyboard */; };
		529FFE1522467E9C00914019 /* CGFilledButton.swift in Sources */ = {isa = PBXBuildFile; fileRef = 529FFE1422467E9C00914019 /* CGFilledButton.swift */; };
		529FFE1822468A4400914019 /* CGTextView.swift in Sources */ = {isa = PBXBuildFile; fileRef = 529FFE1722468A4400914019 /* CGTextView.swift */; };
		529FFE1A2246969E00914019 /* Pods_CryptoGrahpica.framework in Frameworks */ = {isa = PBXBuildFile; fileRef = 003CA15C9033A15F9BD1BED3 /* Pods_CryptoGrahpica.framework */; };
		529FFE1B2246969E00914019 /* Pods_CryptoGrahpica.framework in Embed Frameworks */ = {isa = PBXBuildFile; fileRef = 003CA15C9033A15F9BD1BED3 /* Pods_CryptoGrahpica.framework */; settings = {ATTRIBUTES = (CodeSignOnCopy, RemoveHeadersOnCopy, ); }; };
		52E2CFC02246993B00F10898 /* UIUtils.swift in Sources */ = {isa = PBXBuildFile; fileRef = 52E2CFBF2246993B00F10898 /* UIUtils.swift */; };
		52E2CFC42246A36A00F10898 /* PinViewController.swift in Sources */ = {isa = PBXBuildFile; fileRef = 52E2CFC32246A36A00F10898 /* PinViewController.swift */; };
		52E2CFC72246A37E00F10898 /* Pin.storyboard in Resources */ = {isa = PBXBuildFile; fileRef = 52E2CFC62246A37E00F10898 /* Pin.storyboard */; };
		52E2CFC92246ABDE00F10898 /* SaveViewController.swift in Sources */ = {isa = PBXBuildFile; fileRef = 52E2CFC82246ABDE00F10898 /* SaveViewController.swift */; };
		52E2CFCB2246ABE800F10898 /* Save.storyboard in Resources */ = {isa = PBXBuildFile; fileRef = 52E2CFCA2246ABE800F10898 /* Save.storyboard */; };
		52E2CFCE2246B7B600F10898 /* ExtractViewController.swift in Sources */ = {isa = PBXBuildFile; fileRef = 52E2CFCD2246B7B600F10898 /* ExtractViewController.swift */; };
		52E2CFD02246B7C100F10898 /* Extract.storyboard in Resources */ = {isa = PBXBuildFile; fileRef = 52E2CFCF2246B7C100F10898 /* Extract.storyboard */; };
		52E2CFE22246BDA800F10898 /* Defaults.swift in Sources */ = {isa = PBXBuildFile; fileRef = 52E2CFDE2246BDA400F10898 /* Defaults.swift */; };
		52E2CFE32246BDA800F10898 /* Decoder.swift in Sources */ = {isa = PBXBuildFile; fileRef = 52E2CFDF2246BDA800F10898 /* Decoder.swift */; };
		52E2CFE42246BDA800F10898 /* Encoder.swift in Sources */ = {isa = PBXBuildFile; fileRef = 52E2CFE02246BDA800F10898 /* Encoder.swift */; };
		52E2CFE52246BDA800F10898 /* Cipher.swift in Sources */ = {isa = PBXBuildFile; fileRef = 52E2CFE12246BDA800F10898 /* Cipher.swift */; };
		52E2CFE82246BDAE00F10898 /* Result.swift in Sources */ = {isa = PBXBuildFile; fileRef = 52E2CFE62246BDAE00F10898 /* Result.swift */; };
		52E2CFE92246BDAE00F10898 /* Utilities.swift in Sources */ = {isa = PBXBuildFile; fileRef = 52E2CFE72246BDAE00F10898 /* Utilities.swift */; };
/* End PBXBuildFile section */

/* Begin PBXCopyFilesBuildPhase section */
		529FFE1C224696A100914019 /* Embed Frameworks */ = {
			isa = PBXCopyFilesBuildPhase;
			buildActionMask = 2147483647;
			dstPath = "";
			dstSubfolderSpec = 10;
			files = (
				529FFE1B2246969E00914019 /* Pods_CryptoGrahpica.framework in Embed Frameworks */,
			);
			name = "Embed Frameworks";
			runOnlyForDeploymentPostprocessing = 0;
		};
/* End PBXCopyFilesBuildPhase section */

/* Begin PBXFileReference section */
		003CA15C9033A15F9BD1BED3 /* Pods_CryptoGrahpica.framework */ = {isa = PBXFileReference; explicitFileType = wrapper.framework; includeInIndex = 0; path = Pods_CryptoGrahpica.framework; sourceTree = BUILT_PRODUCTS_DIR; };
		520CAD2C22467A37007B200E /* CryptoGrahpica.app */ = {isa = PBXFileReference; explicitFileType = wrapper.application; includeInIndex = 0; path = CryptoGrahpica.app; sourceTree = BUILT_PRODUCTS_DIR; };
		520CAD2F22467A37007B200E /* AppDelegate.swift */ = {isa = PBXFileReference; lastKnownFileType = sourcecode.swift; path = AppDelegate.swift; sourceTree = "<group>"; };
		520CAD3122467A37007B200E /* HomeViewController.swift */ = {isa = PBXFileReference; lastKnownFileType = sourcecode.swift; path = HomeViewController.swift; sourceTree = "<group>"; };
		520CAD3422467A37007B200E /* Base */ = {isa = PBXFileReference; lastKnownFileType = file.storyboard; name = Base; path = Base.lproj/Home.storyboard; sourceTree = "<group>"; };
		520CAD3622467A39007B200E /* Assets.xcassets */ = {isa = PBXFileReference; lastKnownFileType = folder.assetcatalog; path = Assets.xcassets; sourceTree = "<group>"; };
		520CAD3922467A39007B200E /* Base */ = {isa = PBXFileReference; lastKnownFileType = file.storyboard; name = Base; path = Base.lproj/LaunchScreen.storyboard; sourceTree = "<group>"; };
		520CAD3B22467A39007B200E /* Info.plist */ = {isa = PBXFileReference; lastKnownFileType = text.plist.xml; path = Info.plist; sourceTree = "<group>"; };
		529FFE1422467E9C00914019 /* CGFilledButton.swift */ = {isa = PBXFileReference; lastKnownFileType = sourcecode.swift; path = CGFilledButton.swift; sourceTree = "<group>"; };
		529FFE1722468A4400914019 /* CGTextView.swift */ = {isa = PBXFileReference; lastKnownFileType = sourcecode.swift; path = CGTextView.swift; sourceTree = "<group>"; };
		52E2CFBF2246993B00F10898 /* UIUtils.swift */ = {isa = PBXFileReference; lastKnownFileType = sourcecode.swift; path = UIUtils.swift; sourceTree = "<group>"; };
		52E2CFC32246A36A00F10898 /* PinViewController.swift */ = {isa = PBXFileReference; lastKnownFileType = sourcecode.swift; path = PinViewController.swift; sourceTree = "<group>"; };
		52E2CFC62246A37E00F10898 /* Pin.storyboard */ = {isa = PBXFileReference; lastKnownFileType = file.storyboard; path = Pin.storyboard; sourceTree = "<group>"; };
		52E2CFC82246ABDE00F10898 /* SaveViewController.swift */ = {isa = PBXFileReference; lastKnownFileType = sourcecode.swift; path = SaveViewController.swift; sourceTree = "<group>"; };
		52E2CFCA2246ABE800F10898 /* Save.storyboard */ = {isa = PBXFileReference; lastKnownFileType = file.storyboard; path = Save.storyboard; sourceTree = "<group>"; };
		52E2CFCD2246B7B600F10898 /* ExtractViewController.swift */ = {isa = PBXFileReference; lastKnownFileType = sourcecode.swift; path = ExtractViewController.swift; sourceTree = "<group>"; };
		52E2CFCF2246B7C100F10898 /* Extract.storyboard */ = {isa = PBXFileReference; lastKnownFileType = file.storyboard; path = Extract.storyboard; sourceTree = "<group>"; };
		52E2CFDE2246BDA400F10898 /* Defaults.swift */ = {isa = PBXFileReference; fileEncoding = 4; lastKnownFileType = sourcecode.swift; path = Defaults.swift; sourceTree = "<group>"; };
		52E2CFDF2246BDA800F10898 /* Decoder.swift */ = {isa = PBXFileReference; fileEncoding = 4; lastKnownFileType = sourcecode.swift; path = Decoder.swift; sourceTree = "<group>"; };
		52E2CFE02246BDA800F10898 /* Encoder.swift */ = {isa = PBXFileReference; fileEncoding = 4; lastKnownFileType = sourcecode.swift; path = Encoder.swift; sourceTree = "<group>"; };
		52E2CFE12246BDA800F10898 /* Cipher.swift */ = {isa = PBXFileReference; fileEncoding = 4; lastKnownFileType = sourcecode.swift; path = Cipher.swift; sourceTree = "<group>"; };
		52E2CFE62246BDAE00F10898 /* Result.swift */ = {isa = PBXFileReference; fileEncoding = 4; lastKnownFileType = sourcecode.swift; path = Result.swift; sourceTree = "<group>"; };
		52E2CFE72246BDAE00F10898 /* Utilities.swift */ = {isa = PBXFileReference; fileEncoding = 4; lastKnownFileType = sourcecode.swift; path = Utilities.swift; sourceTree = "<group>"; };
		B298B91AA4B42D02F42961A0 /* Pods-CryptoGrahpica.release.xcconfig */ = {isa = PBXFileReference; includeInIndex = 1; lastKnownFileType = text.xcconfig; name = "Pods-CryptoGrahpica.release.xcconfig"; path = "Pods/Target Support Files/Pods-CryptoGrahpica/Pods-CryptoGrahpica.release.xcconfig"; sourceTree = "<group>"; };
		C7D2ACB6C538CFA00DF910F9 /* Pods-CryptoGrahpica.debug.xcconfig */ = {isa = PBXFileReference; includeInIndex = 1; lastKnownFileType = text.xcconfig; name = "Pods-CryptoGrahpica.debug.xcconfig"; path = "Pods/Target Support Files/Pods-CryptoGrahpica/Pods-CryptoGrahpica.debug.xcconfig"; sourceTree = "<group>"; };
/* End PBXFileReference section */

/* Begin PBXFrameworksBuildPhase section */
		520CAD2922467A37007B200E /* Frameworks */ = {
			isa = PBXFrameworksBuildPhase;
			buildActionMask = 2147483647;
			files = (
				529FFE1A2246969E00914019 /* Pods_CryptoGrahpica.framework in Frameworks */,
			);
			runOnlyForDeploymentPostprocessing = 0;
		};
/* End PBXFrameworksBuildPhase section */

/* Begin PBXGroup section */
		32A708F11AB5C3348EE8727F /* Pods */ = {
			isa = PBXGroup;
			children = (
				C7D2ACB6C538CFA00DF910F9 /* Pods-CryptoGrahpica.debug.xcconfig */,
				B298B91AA4B42D02F42961A0 /* Pods-CryptoGrahpica.release.xcconfig */,
			);
			name = Pods;
			sourceTree = "<group>";
		};
		520CAD2322467A37007B200E = {
			isa = PBXGroup;
			children = (
				520CAD2E22467A37007B200E /* CryptoGrahpica */,
				520CAD2D22467A37007B200E /* Products */,
				32A708F11AB5C3348EE8727F /* Pods */,
				6C4305682891A7698D0EAC32 /* Frameworks */,
			);
			sourceTree = "<group>";
		};
		520CAD2D22467A37007B200E /* Products */ = {
			isa = PBXGroup;
			children = (
				520CAD2C22467A37007B200E /* CryptoGrahpica.app */,
			);
			name = Products;
			sourceTree = "<group>";
		};
		520CAD2E22467A37007B200E /* CryptoGrahpica */ = {
			isa = PBXGroup;
			children = (
				52E2CFBE224698F500F10898 /* Utils */,
				529FFE1022467DE100914019 /* UIElements */,
				520CAD4122467A5B007B200E /* ViewControllers */,
				520CAD2F22467A37007B200E /* AppDelegate.swift */,
				520CAD3622467A39007B200E /* Assets.xcassets */,
				520CAD3822467A39007B200E /* LaunchScreen.storyboard */,
				520CAD3B22467A39007B200E /* Info.plist */,
			);
			path = CryptoGrahpica;
			sourceTree = "<group>";
		};
		520CAD4122467A5B007B200E /* ViewControllers */ = {
			isa = PBXGroup;
			children = (
				52E2CFCC2246B7A400F10898 /* Extract */,
				52E2CFC52246A36F00F10898 /* Pin */,
				529FFE192246926400914019 /* Save */,
				520CAD4222467A80007B200E /* Home */,
			);
			path = ViewControllers;
			sourceTree = "<group>";
		};
		520CAD4222467A80007B200E /* Home */ = {
			isa = PBXGroup;
			children = (
				520CAD3122467A37007B200E /* HomeViewController.swift */,
				520CAD3322467A37007B200E /* Home.storyboard */,
			);
			path = Home;
			sourceTree = "<group>";
		};
		529FFE1022467DE100914019 /* UIElements */ = {
			isa = PBXGroup;
			children = (
				529FFE1622468A2F00914019 /* TextView */,
				529FFE1122467DEA00914019 /* Buttons */,
			);
			path = UIElements;
			sourceTree = "<group>";
		};
		529FFE1122467DEA00914019 /* Buttons */ = {
			isa = PBXGroup;
			children = (
				529FFE1422467E9C00914019 /* CGFilledButton.swift */,
			);
			path = Buttons;
			sourceTree = "<group>";
		};
		529FFE1622468A2F00914019 /* TextView */ = {
			isa = PBXGroup;
			children = (
				529FFE1722468A4400914019 /* CGTextView.swift */,
			);
			path = TextView;
			sourceTree = "<group>";
		};
		529FFE192246926400914019 /* Save */ = {
			isa = PBXGroup;
			children = (
				52E2CFC82246ABDE00F10898 /* SaveViewController.swift */,
				52E2CFCA2246ABE800F10898 /* Save.storyboard */,
			);
			path = Save;
			sourceTree = "<group>";
		};
		52E2CFBE224698F500F10898 /* Utils */ = {
			isa = PBXGroup;
			children = (
				52E2CFD32246BC8700F10898 /* UI */,
				52E2CFD22246BC8200F10898 /* Crypto */,
			);
			path = Utils;
			sourceTree = "<group>";
		};
		52E2CFC52246A36F00F10898 /* Pin */ = {
			isa = PBXGroup;
			children = (
				52E2CFC32246A36A00F10898 /* PinViewController.swift */,
				52E2CFC62246A37E00F10898 /* Pin.storyboard */,
			);
			path = Pin;
			sourceTree = "<group>";
		};
		52E2CFCC2246B7A400F10898 /* Extract */ = {
			isa = PBXGroup;
			children = (
				52E2CFCD2246B7B600F10898 /* ExtractViewController.swift */,
				52E2CFCF2246B7C100F10898 /* Extract.storyboard */,
			);
			path = Extract;
			sourceTree = "<group>";
		};
		52E2CFD22246BC8200F10898 /* Crypto */ = {
			isa = PBXGroup;
			children = (
				52E2CFE62246BDAE00F10898 /* Result.swift */,
				52E2CFE72246BDAE00F10898 /* Utilities.swift */,
				52E2CFE12246BDA800F10898 /* Cipher.swift */,
				52E2CFDF2246BDA800F10898 /* Decoder.swift */,
				52E2CFDE2246BDA400F10898 /* Defaults.swift */,
				52E2CFE02246BDA800F10898 /* Encoder.swift */,
			);
			path = Crypto;
			sourceTree = "<group>";
		};
		52E2CFD32246BC8700F10898 /* UI */ = {
			isa = PBXGroup;
			children = (
				52E2CFBF2246993B00F10898 /* UIUtils.swift */,
			);
			path = UI;
			sourceTree = "<group>";
		};
		6C4305682891A7698D0EAC32 /* Frameworks */ = {
			isa = PBXGroup;
			children = (
				003CA15C9033A15F9BD1BED3 /* Pods_CryptoGrahpica.framework */,
			);
			name = Frameworks;
			sourceTree = "<group>";
		};
/* End PBXGroup section */

/* Begin PBXNativeTarget section */
		520CAD2B22467A37007B200E /* CryptoGrahpica */ = {
			isa = PBXNativeTarget;
			buildConfigurationList = 520CAD3E22467A39007B200E /* Build configuration list for PBXNativeTarget "CryptoGrahpica" */;
			buildPhases = (
				E9F9F130AD52144744957A52 /* [CP] Check Pods Manifest.lock */,
				520CAD2822467A37007B200E /* Sources */,
				520CAD2922467A37007B200E /* Frameworks */,
				520CAD2A22467A37007B200E /* Resources */,
				529FFE1C224696A100914019 /* Embed Frameworks */,
				64624DB90FA2F47C5AC2F8BA /* [CP] Embed Pods Frameworks */,
			);
			buildRules = (
			);
			dependencies = (
			);
			name = CryptoGrahpica;
			productName = CryptoGrahpica;
			productReference = 520CAD2C22467A37007B200E /* CryptoGrahpica.app */;
			productType = "com.apple.product-type.application";
		};
/* End PBXNativeTarget section */

/* Begin PBXProject section */
		520CAD2422467A37007B200E /* Project object */ = {
			isa = PBXProject;
			attributes = {
				LastSwiftUpdateCheck = 1010;
				LastUpgradeCheck = 1010;
				ORGANIZATIONNAME = cg;
				TargetAttributes = {
					520CAD2B22467A37007B200E = {
						CreatedOnToolsVersion = 10.1;
					};
				};
			};
			buildConfigurationList = 520CAD2722467A37007B200E /* Build configuration list for PBXProject "CryptoGrahpica" */;
			compatibilityVersion = "Xcode 9.3";
			developmentRegion = en;
			hasScannedForEncodings = 0;
			knownRegions = (
				en,
				Base,
			);
			mainGroup = 520CAD2322467A37007B200E;
			productRefGroup = 520CAD2D22467A37007B200E /* Products */;
			projectDirPath = "";
			projectRoot = "";
			targets = (
				520CAD2B22467A37007B200E /* CryptoGrahpica */,
			);
		};
/* End PBXProject section */

/* Begin PBXResourcesBuildPhase section */
		520CAD2A22467A37007B200E /* Resources */ = {
			isa = PBXResourcesBuildPhase;
			buildActionMask = 2147483647;
			files = (
				52E2CFD02246B7C100F10898 /* Extract.storyboard in Resources */,
				52E2CFC72246A37E00F10898 /* Pin.storyboard in Resources */,
				52E2CFCB2246ABE800F10898 /* Save.storyboard in Resources */,
				520CAD3A22467A39007B200E /* LaunchScreen.storyboard in Resources */,
				520CAD3722467A39007B200E /* Assets.xcassets in Resources */,
				520CAD3522467A37007B200E /* Home.storyboard in Resources */,
			);
			runOnlyForDeploymentPostprocessing = 0;
		};
/* End PBXResourcesBuildPhase section */

/* Begin PBXShellScriptBuildPhase section */
		64624DB90FA2F47C5AC2F8BA /* [CP] Embed Pods Frameworks */ = {
			isa = PBXShellScriptBuildPhase;
			buildActionMask = 2147483647;
			files = (
			);
			inputFileListPaths = (
			);
			inputPaths = (
				"${SRCROOT}/Pods/Target Support Files/Pods-CryptoGrahpica/Pods-CryptoGrahpica-frameworks.sh",
				"${BUILT_PRODUCTS_DIR}/DKCamera/DKCamera.framework",
				"${BUILT_PRODUCTS_DIR}/DKImagePickerController/DKImagePickerController.framework",
				"${BUILT_PRODUCTS_DIR}/DKPhotoGallery/DKPhotoGallery.framework",
				"${BUILT_PRODUCTS_DIR}/FLAnimatedImage/FLAnimatedImage.framework",
				"${BUILT_PRODUCTS_DIR}/SDWebImage/SDWebImage.framework",
				"${BUILT_PRODUCTS_DIR}/TOCropViewController/TOCropViewController.framework",
			);
			name = "[CP] Embed Pods Frameworks";
			outputFileListPaths = (
			);
			outputPaths = (
				"${TARGET_BUILD_DIR}/${FRAMEWORKS_FOLDER_PATH}/DKCamera.framework",
				"${TARGET_BUILD_DIR}/${FRAMEWORKS_FOLDER_PATH}/DKImagePickerController.framework",
				"${TARGET_BUILD_DIR}/${FRAMEWORKS_FOLDER_PATH}/DKPhotoGallery.framework",
				"${TARGET_BUILD_DIR}/${FRAMEWORKS_FOLDER_PATH}/FLAnimatedImage.framework",
				"${TARGET_BUILD_DIR}/${FRAMEWORKS_FOLDER_PATH}/SDWebImage.framework",
				"${TARGET_BUILD_DIR}/${FRAMEWORKS_FOLDER_PATH}/TOCropViewController.framework",
			);
			runOnlyForDeploymentPostprocessing = 0;
			shellPath = /bin/sh;
			shellScript = "\"${SRCROOT}/Pods/Target Support Files/Pods-CryptoGrahpica/Pods-CryptoGrahpica-frameworks.sh\"\n";
			showEnvVarsInLog = 0;
		};
		E9F9F130AD52144744957A52 /* [CP] Check Pods Manifest.lock */ = {
			isa = PBXShellScriptBuildPhase;
			buildActionMask = 2147483647;
			files = (
			);
			inputFileListPaths = (
			);
			inputPaths = (
				"${PODS_PODFILE_DIR_PATH}/Podfile.lock",
				"${PODS_ROOT}/Manifest.lock",
			);
			name = "[CP] Check Pods Manifest.lock";
			outputFileListPaths = (
			);
			outputPaths = (
				"$(DERIVED_FILE_DIR)/Pods-CryptoGrahpica-checkManifestLockResult.txt",
			);
			runOnlyForDeploymentPostprocessing = 0;
			shellPath = /bin/sh;
			shellScript = "diff \"${PODS_PODFILE_DIR_PATH}/Podfile.lock\" \"${PODS_ROOT}/Manifest.lock\" > /dev/null\nif [ $? != 0 ] ; then\n    # print error to STDERR\n    echo \"error: The sandbox is not in sync with the Podfile.lock. Run 'pod install' or update your CocoaPods installation.\" >&2\n    exit 1\nfi\n# This output is used by Xcode 'outputs' to avoid re-running this script phase.\necho \"SUCCESS\" > \"${SCRIPT_OUTPUT_FILE_0}\"\n";
			showEnvVarsInLog = 0;
		};
/* End PBXShellScriptBuildPhase section */

/* Begin PBXSourcesBuildPhase section */
		520CAD2822467A37007B200E /* Sources */ = {
			isa = PBXSourcesBuildPhase;
			buildActionMask = 2147483647;
			files = (
				52E2CFE22246BDA800F10898 /* Defaults.swift in Sources */,
				52E2CFE82246BDAE00F10898 /* Result.swift in Sources */,
				52E2CFE92246BDAE00F10898 /* Utilities.swift in Sources */,
				52E2CFCE2246B7B600F10898 /* ExtractViewController.swift in Sources */,
				52E2CFC02246993B00F10898 /* UIUtils.swift in Sources */,
				520CAD3222467A37007B200E /* HomeViewController.swift in Sources */,
				52E2CFC42246A36A00F10898 /* PinViewController.swift in Sources */,
				529FFE1822468A4400914019 /* CGTextView.swift in Sources */,
				52E2CFE52246BDA800F10898 /* Cipher.swift in Sources */,
				529FFE1522467E9C00914019 /* CGFilledButton.swift in Sources */,
				520CAD3022467A37007B200E /* AppDelegate.swift in Sources */,
				52E2CFE32246BDA800F10898 /* Decoder.swift in Sources */,
				52E2CFE42246BDA800F10898 /* Encoder.swift in Sources */,
				52E2CFC92246ABDE00F10898 /* SaveViewController.swift in Sources */,
			);
			runOnlyForDeploymentPostprocessing = 0;
		};
/* End PBXSourcesBuildPhase section */

/* Begin PBXVariantGroup section */
		520CAD3322467A37007B200E /* Home.storyboard */ = {
			isa = PBXVariantGroup;
			children = (
				520CAD3422467A37007B200E /* Base */,
			);
			name = Home.storyboard;
			sourceTree = "<group>";
		};
		520CAD3822467A39007B200E /* LaunchScreen.storyboard */ = {
			isa = PBXVariantGroup;
			children = (
				520CAD3922467A39007B200E /* Base */,
			);
			name = LaunchScreen.storyboard;
			sourceTree = "<group>";
		};
/* End PBXVariantGroup section */

/* Begin XCBuildConfiguration section */
		520CAD3C22467A39007B200E /* Debug */ = {
			isa = XCBuildConfiguration;
			buildSettings = {
				ALWAYS_SEARCH_USER_PATHS = NO;
				CLANG_ANALYZER_NONNULL = YES;
				CLANG_ANALYZER_NUMBER_OBJECT_CONVERSION = YES_AGGRESSIVE;
				CLANG_CXX_LANGUAGE_STANDARD = "gnu++14";
				CLANG_CXX_LIBRARY = "libc++";
				CLANG_ENABLE_MODULES = YES;
				CLANG_ENABLE_OBJC_ARC = YES;
				CLANG_ENABLE_OBJC_WEAK = YES;
				CLANG_WARN_BLOCK_CAPTURE_AUTORELEASING = YES;
				CLANG_WARN_BOOL_CONVERSION = YES;
				CLANG_WARN_COMMA = YES;
				CLANG_WARN_CONSTANT_CONVERSION = YES;
				CLANG_WARN_DEPRECATED_OBJC_IMPLEMENTATIONS = YES;
				CLANG_WARN_DIRECT_OBJC_ISA_USAGE = YES_ERROR;
				CLANG_WARN_DOCUMENTATION_COMMENTS = YES;
				CLANG_WARN_EMPTY_BODY = YES;
				CLANG_WARN_ENUM_CONVERSION = YES;
				CLANG_WARN_INFINITE_RECURSION = YES;
				CLANG_WARN_INT_CONVERSION = YES;
				CLANG_WARN_NON_LITERAL_NULL_CONVERSION = YES;
				CLANG_WARN_OBJC_IMPLICIT_RETAIN_SELF = YES;
				CLANG_WARN_OBJC_LITERAL_CONVERSION = YES;
				CLANG_WARN_OBJC_ROOT_CLASS = YES_ERROR;
				CLANG_WARN_RANGE_LOOP_ANALYSIS = YES;
				CLANG_WARN_STRICT_PROTOTYPES = YES;
				CLANG_WARN_SUSPICIOUS_MOVE = YES;
				CLANG_WARN_UNGUARDED_AVAILABILITY = YES_AGGRESSIVE;
				CLANG_WARN_UNREACHABLE_CODE = YES;
				CLANG_WARN__DUPLICATE_METHOD_MATCH = YES;
				CODE_SIGN_IDENTITY = "iPhone Developer";
				COPY_PHASE_STRIP = NO;
				DEBUG_INFORMATION_FORMAT = dwarf;
				ENABLE_STRICT_OBJC_MSGSEND = YES;
				ENABLE_TESTABILITY = YES;
				GCC_C_LANGUAGE_STANDARD = gnu11;
				GCC_DYNAMIC_NO_PIC = NO;
				GCC_NO_COMMON_BLOCKS = YES;
				GCC_OPTIMIZATION_LEVEL = 0;
				GCC_PREPROCESSOR_DEFINITIONS = (
					"DEBUG=1",
					"$(inherited)",
				);
				GCC_WARN_64_TO_32_BIT_CONVERSION = YES;
				GCC_WARN_ABOUT_RETURN_TYPE = YES_ERROR;
				GCC_WARN_UNDECLARED_SELECTOR = YES;
				GCC_WARN_UNINITIALIZED_AUTOS = YES_AGGRESSIVE;
				GCC_WARN_UNUSED_FUNCTION = YES;
				GCC_WARN_UNUSED_VARIABLE = YES;
				IPHONEOS_DEPLOYMENT_TARGET = 11.0;
				MTL_ENABLE_DEBUG_INFO = INCLUDE_SOURCE;
				MTL_FAST_MATH = YES;
				ONLY_ACTIVE_ARCH = YES;
				SDKROOT = iphoneos;
				SWIFT_ACTIVE_COMPILATION_CONDITIONS = DEBUG;
				SWIFT_OPTIMIZATION_LEVEL = "-Onone";
			};
			name = Debug;
		};
		520CAD3D22467A39007B200E /* Release */ = {
			isa = XCBuildConfiguration;
			buildSettings = {
				ALWAYS_SEARCH_USER_PATHS = NO;
				CLANG_ANALYZER_NONNULL = YES;
				CLANG_ANALYZER_NUMBER_OBJECT_CONVERSION = YES_AGGRESSIVE;
				CLANG_CXX_LANGUAGE_STANDARD = "gnu++14";
				CLANG_CXX_LIBRARY = "libc++";
				CLANG_ENABLE_MODULES = YES;
				CLANG_ENABLE_OBJC_ARC = YES;
				CLANG_ENABLE_OBJC_WEAK = YES;
				CLANG_WARN_BLOCK_CAPTURE_AUTORELEASING = YES;
				CLANG_WARN_BOOL_CONVERSION = YES;
				CLANG_WARN_COMMA = YES;
				CLANG_WARN_CONSTANT_CONVERSION = YES;
				CLANG_WARN_DEPRECATED_OBJC_IMPLEMENTATIONS = YES;
				CLANG_WARN_DIRECT_OBJC_ISA_USAGE = YES_ERROR;
				CLANG_WARN_DOCUMENTATION_COMMENTS = YES;
				CLANG_WARN_EMPTY_BODY = YES;
				CLANG_WARN_ENUM_CONVERSION = YES;
				CLANG_WARN_INFINITE_RECURSION = YES;
				CLANG_WARN_INT_CONVERSION = YES;
				CLANG_WARN_NON_LITERAL_NULL_CONVERSION = YES;
				CLANG_WARN_OBJC_IMPLICIT_RETAIN_SELF = YES;
				CLANG_WARN_OBJC_LITERAL_CONVERSION = YES;
				CLANG_WARN_OBJC_ROOT_CLASS = YES_ERROR;
				CLANG_WARN_RANGE_LOOP_ANALYSIS = YES;
				CLANG_WARN_STRICT_PROTOTYPES = YES;
				CLANG_WARN_SUSPICIOUS_MOVE = YES;
				CLANG_WARN_UNGUARDED_AVAILABILITY = YES_AGGRESSIVE;
				CLANG_WARN_UNREACHABLE_CODE = YES;
				CLANG_WARN__DUPLICATE_METHOD_MATCH = YES;
				CODE_SIGN_IDENTITY = "iPhone Developer";
				COPY_PHASE_STRIP = NO;
				DEBUG_INFORMATION_FORMAT = "dwarf-with-dsym";
				ENABLE_NS_ASSERTIONS = NO;
				ENABLE_STRICT_OBJC_MSGSEND = YES;
				GCC_C_LANGUAGE_STANDARD = gnu11;
				GCC_NO_COMMON_BLOCKS = YES;
				GCC_WARN_64_TO_32_BIT_CONVERSION = YES;
				GCC_WARN_ABOUT_RETURN_TYPE = YES_ERROR;
				GCC_WARN_UNDECLARED_SELECTOR = YES;
				GCC_WARN_UNINITIALIZED_AUTOS = YES_AGGRESSIVE;
				GCC_WARN_UNUSED_FUNCTION = YES;
				GCC_WARN_UNUSED_VARIABLE = YES;
				IPHONEOS_DEPLOYMENT_TARGET = 11.0;
				MTL_ENABLE_DEBUG_INFO = NO;
				MTL_FAST_MATH = YES;
				SDKROOT = iphoneos;
				SWIFT_COMPILATION_MODE = wholemodule;
				SWIFT_OPTIMIZATION_LEVEL = "-O";
				VALIDATE_PRODUCT = YES;
			};
			name = Release;
		};
		520CAD3F22467A39007B200E /* Debug */ = {
			isa = XCBuildConfiguration;
			baseConfigurationReference = C7D2ACB6C538CFA00DF910F9 /* Pods-CryptoGrahpica.debug.xcconfig */;
			buildSettings = {
				ASSETCATALOG_COMPILER_APPICON_NAME = AppIcon;
				CODE_SIGN_STYLE = Automatic;
				DEVELOPMENT_TEAM = TNNH6FD49C;
				INFOPLIST_FILE = CryptoGrahpica/Info.plist;
				IPHONEOS_DEPLOYMENT_TARGET = 11.0;
				LD_RUNPATH_SEARCH_PATHS = (
					"$(inherited)",
					"@executable_path/Frameworks",
				);
				PRODUCT_BUNDLE_IDENTIFIER = io.cg.CryptoGrahpica;
				PRODUCT_NAME = "$(TARGET_NAME)";
				SWIFT_VERSION = 4.2;
				TARGETED_DEVICE_FAMILY = "1,2";
			};
			name = Debug;
		};
		520CAD4022467A39007B200E /* Release */ = {
			isa = XCBuildConfiguration;
			baseConfigurationReference = B298B91AA4B42D02F42961A0 /* Pods-CryptoGrahpica.release.xcconfig */;
			buildSettings = {
				ASSETCATALOG_COMPILER_APPICON_NAME = AppIcon;
				CODE_SIGN_STYLE = Automatic;
				DEVELOPMENT_TEAM = TNNH6FD49C;
				INFOPLIST_FILE = CryptoGrahpica/Info.plist;
				IPHONEOS_DEPLOYMENT_TARGET = 11.0;
				LD_RUNPATH_SEARCH_PATHS = (
					"$(inherited)",
					"@executable_path/Frameworks",
				);
				PRODUCT_BUNDLE_IDENTIFIER = io.cg.CryptoGrahpica;
				PRODUCT_NAME = "$(TARGET_NAME)";
				SWIFT_VERSION = 4.2;
				TARGETED_DEVICE_FAMILY = "1,2";
			};
			name = Release;
		};
/* End XCBuildConfiguration section */

/* Begin XCConfigurationList section */
		520CAD2722467A37007B200E /* Build configuration list for PBXProject "CryptoGrahpica" */ = {
			isa = XCConfigurationList;
			buildConfigurations = (
				520CAD3C22467A39007B200E /* Debug */,
				520CAD3D22467A39007B200E /* Release */,
			);
			defaultConfigurationIsVisible = 0;
			defaultConfigurationName = Release;
		};
		520CAD3E22467A39007B200E /* Build configuration list for PBXNativeTarget "CryptoGrahpica" */ = {
			isa = XCConfigurationList;
			buildConfigurations = (
				520CAD3F22467A39007B200E /* Debug */,
				520CAD4022467A39007B200E /* Release */,
			);
			defaultConfigurationIsVisible = 0;
			defaultConfigurationName = Release;
		};
/* End XCConfigurationList section */
	};
	rootObject = 520CAD2422467A37007B200E /* Project object */;
}
